// !$*UTF8*$!
{
	archiveVersion = 1;
	classes = {
	};
	objectVersion = 56;
	objects = {

/* Begin PBXBuildFile section */
		20AC5BDA27CB432A01458C83 /* Pods_FontainApp.framework in Frameworks */ = {isa = PBXBuildFile; fileRef = 289F779B3044489A9A97E331 /* Pods_FontainApp.framework */; };
		8E61542E29EAC48D003CE78E /* LogInViewController.swift in Sources */ = {isa = PBXBuildFile; fileRef = 8E61542D29EAC48D003CE78E /* LogInViewController.swift */; };
		8E61543029EAC4A3003CE78E /* LogInViewModel.swift in Sources */ = {isa = PBXBuildFile; fileRef = 8E61542F29EAC4A3003CE78E /* LogInViewModel.swift */; };
		8E6D6A8729EC31C500589697 /* WelcomeViewController.swift in Sources */ = {isa = PBXBuildFile; fileRef = 8E6D6A8629EC31C500589697 /* WelcomeViewController.swift */; };
		8E6D6A8A29EC351C00589697 /* WelcomeViewModel.swift in Sources */ = {isa = PBXBuildFile; fileRef = 8E6D6A8929EC351C00589697 /* WelcomeViewModel.swift */; };
		8E6D6A8D29EC386E00589697 /* UserManager.swift in Sources */ = {isa = PBXBuildFile; fileRef = 8E6D6A8C29EC386E00589697 /* UserManager.swift */; };
		8E6D6A8F29EC388300589697 /* OrderManager.swift in Sources */ = {isa = PBXBuildFile; fileRef = 8E6D6A8E29EC388300589697 /* OrderManager.swift */; };
		8E6D6A9129EC38B000589697 /* FileManager.swift in Sources */ = {isa = PBXBuildFile; fileRef = 8E6D6A9029EC38B000589697 /* FileManager.swift */; };
		8E6D6A9329EC38D000589697 /* BasketManager.swift in Sources */ = {isa = PBXBuildFile; fileRef = 8E6D6A9229EC38D000589697 /* BasketManager.swift */; };
		8E6D6A9529EC38E000589697 /* ProductManager.swift in Sources */ = {isa = PBXBuildFile; fileRef = 8E6D6A9429EC38E000589697 /* ProductManager.swift */; };
		8E714CB229E6B08000B3BBF1 /* PhoneNumberView.swift in Sources */ = {isa = PBXBuildFile; fileRef = 8E714CB129E6B08000B3BBF1 /* PhoneNumberView.swift */; };
		8E714CB529E6B8B200B3BBF1 /* SmsView.xib in Resources */ = {isa = PBXBuildFile; fileRef = 8E714CB429E6B8B200B3BBF1 /* SmsView.xib */; };
		8E714CB729E6B9AD00B3BBF1 /* SmsView.swift in Sources */ = {isa = PBXBuildFile; fileRef = 8E714CB629E6B9AD00B3BBF1 /* SmsView.swift */; };
		8E714CB929E6BBA700B3BBF1 /* CardView.xib in Resources */ = {isa = PBXBuildFile; fileRef = 8E714CB829E6BBA700B3BBF1 /* CardView.xib */; };
		8E714CBB29E6BE2400B3BBF1 /* CodeView.swift in Sources */ = {isa = PBXBuildFile; fileRef = 8E714CBA29E6BE2400B3BBF1 /* CodeView.swift */; };
		8E714CC129E6C0CC00B3BBF1 /* TotalView.xib in Resources */ = {isa = PBXBuildFile; fileRef = 8E714CC029E6C0CC00B3BBF1 /* TotalView.xib */; };
		8E714CC329E6C2A400B3BBF1 /* TotalView.swift in Sources */ = {isa = PBXBuildFile; fileRef = 8E714CC229E6C2A400B3BBF1 /* TotalView.swift */; };
		8E714CC529E6C72100B3BBF1 /* TermOfUseView.xib in Resources */ = {isa = PBXBuildFile; fileRef = 8E714CC429E6C72100B3BBF1 /* TermOfUseView.xib */; };
		8E714CC729E6C73900B3BBF1 /* TermOfUseView.swift in Sources */ = {isa = PBXBuildFile; fileRef = 8E714CC629E6C73900B3BBF1 /* TermOfUseView.swift */; };
		8E714CC929E6C9EA00B3BBF1 /* ResendCodeView.xib in Resources */ = {isa = PBXBuildFile; fileRef = 8E714CC829E6C9EA00B3BBF1 /* ResendCodeView.xib */; };
		8E714CCB29E6C9F100B3BBF1 /* ResendCodeView.swift in Sources */ = {isa = PBXBuildFile; fileRef = 8E714CCA29E6C9F100B3BBF1 /* ResendCodeView.swift */; };
		8E714CCD29E6CB4E00B3BBF1 /* ItemAddedToCardView.xib in Resources */ = {isa = PBXBuildFile; fileRef = 8E714CCC29E6CB4E00B3BBF1 /* ItemAddedToCardView.xib */; };
		8E714CCF29E6CB5600B3BBF1 /* ItemAddedToCardView.swift in Sources */ = {isa = PBXBuildFile; fileRef = 8E714CCE29E6CB5600B3BBF1 /* ItemAddedToCardView.swift */; };
		8E714CD129E6D05300B3BBF1 /* StoreInfoView.xib in Resources */ = {isa = PBXBuildFile; fileRef = 8E714CD029E6D05300B3BBF1 /* StoreInfoView.xib */; };
		8E714CD329E6D05C00B3BBF1 /* StoreInfoView.swift in Sources */ = {isa = PBXBuildFile; fileRef = 8E714CD229E6D05C00B3BBF1 /* StoreInfoView.swift */; };
		8E714CD629E6D41C00B3BBF1 /* ProductCollectionViewCell.swift in Sources */ = {isa = PBXBuildFile; fileRef = 8E714CD429E6D41C00B3BBF1 /* ProductCollectionViewCell.swift */; };
		8E714CD729E6D41C00B3BBF1 /* ProductCollectionViewCell.xib in Resources */ = {isa = PBXBuildFile; fileRef = 8E714CD529E6D41C00B3BBF1 /* ProductCollectionViewCell.xib */; };
		8E714CDA29E6D81400B3BBF1 /* BasketProductTableViewCell.swift in Sources */ = {isa = PBXBuildFile; fileRef = 8E714CD829E6D81400B3BBF1 /* BasketProductTableViewCell.swift */; };
		8E714CDB29E6D81400B3BBF1 /* BasketProductTableViewCell.xib in Resources */ = {isa = PBXBuildFile; fileRef = 8E714CD929E6D81400B3BBF1 /* BasketProductTableViewCell.xib */; };
		8E714CDE29E6DE3400B3BBF1 /* PreviosOrderTableViewCell.swift in Sources */ = {isa = PBXBuildFile; fileRef = 8E714CDC29E6DE3400B3BBF1 /* PreviosOrderTableViewCell.swift */; };
		8E714CDF29E6DE3400B3BBF1 /* PreviosOrderTableViewCell.xib in Resources */ = {isa = PBXBuildFile; fileRef = 8E714CDD29E6DE3400B3BBF1 /* PreviosOrderTableViewCell.xib */; };
		8E714CE229E6E03400B3BBF1 /* PreviousOrderDetailTableViewCell.swift in Sources */ = {isa = PBXBuildFile; fileRef = 8E714CE029E6E03400B3BBF1 /* PreviousOrderDetailTableViewCell.swift */; };
		8E714CE329E6E03400B3BBF1 /* PreviousOrderDetailTableViewCell.xib in Resources */ = {isa = PBXBuildFile; fileRef = 8E714CE129E6E03400B3BBF1 /* PreviousOrderDetailTableViewCell.xib */; };
		8E771AF829F9F8020087654E /* ProductViewController.swift in Sources */ = {isa = PBXBuildFile; fileRef = 8E771AF729F9F8020087654E /* ProductViewController.swift */; };
		8E771AFA29F9FB3A0087654E /* GoogleService-Info.plist in Resources */ = {isa = PBXBuildFile; fileRef = 8E771AF929F9FB3A0087654E /* GoogleService-Info.plist */; };
		8EC99B7329EABC2300EC255C /* UIView+Extension.swift in Sources */ = {isa = PBXBuildFile; fileRef = 8EC99B7229EABC2200EC255C /* UIView+Extension.swift */; };
		8EC9E8EB29E09D28009CB6D3 /* AppDelegate.swift in Sources */ = {isa = PBXBuildFile; fileRef = 8EC9E8EA29E09D28009CB6D3 /* AppDelegate.swift */; };
		8EC9E8ED29E09D28009CB6D3 /* SceneDelegate.swift in Sources */ = {isa = PBXBuildFile; fileRef = 8EC9E8EC29E09D28009CB6D3 /* SceneDelegate.swift */; };
		8EC9E8F229E09D28009CB6D3 /* Main.storyboard in Resources */ = {isa = PBXBuildFile; fileRef = 8EC9E8F029E09D28009CB6D3 /* Main.storyboard */; };
		8EC9E8F429E09D2F009CB6D3 /* Assets.xcassets in Resources */ = {isa = PBXBuildFile; fileRef = 8EC9E8F329E09D2F009CB6D3 /* Assets.xcassets */; };
		8EC9E8F729E09D2F009CB6D3 /* LaunchScreen.storyboard in Resources */ = {isa = PBXBuildFile; fileRef = 8EC9E8F529E09D2F009CB6D3 /* LaunchScreen.storyboard */; };
		8EC9E91129E0B1A1009CB6D3 /* UIButtons.swift in Sources */ = {isa = PBXBuildFile; fileRef = 8EC9E91029E0B1A1009CB6D3 /* UIButtons.swift */; };
		8EC9E92929E0CDF4009CB6D3 /* ABeeZee-Italic.ttf in Resources */ = {isa = PBXBuildFile; fileRef = 8EC9E92729E0CDF3009CB6D3 /* ABeeZee-Italic.ttf */; };
		8EC9E92A29E0CDF4009CB6D3 /* ABeeZee-Regular.ttf in Resources */ = {isa = PBXBuildFile; fileRef = 8EC9E92829E0CDF4009CB6D3 /* ABeeZee-Regular.ttf */; };
		8EC9E94029E6A30A009CB6D3 /* PhoneNumberView.xib in Resources */ = {isa = PBXBuildFile; fileRef = 8EC9E93F29E6A30A009CB6D3 /* PhoneNumberView.xib */; };
		8ED31E6A29F960D500D30DE4 /* CodeViewController.swift in Sources */ = {isa = PBXBuildFile; fileRef = 8ED31E6929F960D500D30DE4 /* CodeViewController.swift */; };
		8ED31E6E29F9612B00D30DE4 /* CodeViewModel.swift in Sources */ = {isa = PBXBuildFile; fileRef = 8ED31E6D29F9612B00D30DE4 /* CodeViewModel.swift */; };
/* End PBXBuildFile section */

/* Begin PBXFileReference section */
		161D613FEE59361229AA03DF /* Pods-FontainApp.debug.xcconfig */ = {isa = PBXFileReference; includeInIndex = 1; lastKnownFileType = text.xcconfig; name = "Pods-FontainApp.debug.xcconfig"; path = "Target Support Files/Pods-FontainApp/Pods-FontainApp.debug.xcconfig"; sourceTree = "<group>"; };
		289F779B3044489A9A97E331 /* Pods_FontainApp.framework */ = {isa = PBXFileReference; explicitFileType = wrapper.framework; includeInIndex = 0; path = Pods_FontainApp.framework; sourceTree = BUILT_PRODUCTS_DIR; };
		3F717BE311EE770666B08C62 /* Pods-FontainApp.release.xcconfig */ = {isa = PBXFileReference; includeInIndex = 1; lastKnownFileType = text.xcconfig; name = "Pods-FontainApp.release.xcconfig"; path = "Target Support Files/Pods-FontainApp/Pods-FontainApp.release.xcconfig"; sourceTree = "<group>"; };
		8E61542D29EAC48D003CE78E /* LogInViewController.swift */ = {isa = PBXFileReference; lastKnownFileType = sourcecode.swift; path = LogInViewController.swift; sourceTree = "<group>"; };
		8E61542F29EAC4A3003CE78E /* LogInViewModel.swift */ = {isa = PBXFileReference; lastKnownFileType = sourcecode.swift; path = LogInViewModel.swift; sourceTree = "<group>"; };
		8E6D6A8629EC31C500589697 /* WelcomeViewController.swift */ = {isa = PBXFileReference; lastKnownFileType = sourcecode.swift; name = WelcomeViewController.swift; path = FontainApp/Flows/WelcomeViewController.swift; sourceTree = SOURCE_ROOT; };
		8E6D6A8929EC351C00589697 /* WelcomeViewModel.swift */ = {isa = PBXFileReference; lastKnownFileType = sourcecode.swift; path = WelcomeViewModel.swift; sourceTree = "<group>"; };
		8E6D6A8C29EC386E00589697 /* UserManager.swift */ = {isa = PBXFileReference; lastKnownFileType = sourcecode.swift; path = UserManager.swift; sourceTree = "<group>"; };
		8E6D6A8E29EC388300589697 /* OrderManager.swift */ = {isa = PBXFileReference; lastKnownFileType = sourcecode.swift; path = OrderManager.swift; sourceTree = "<group>"; };
		8E6D6A9029EC38B000589697 /* FileManager.swift */ = {isa = PBXFileReference; lastKnownFileType = sourcecode.swift; path = FileManager.swift; sourceTree = "<group>"; };
		8E6D6A9229EC38D000589697 /* BasketManager.swift */ = {isa = PBXFileReference; lastKnownFileType = sourcecode.swift; path = BasketManager.swift; sourceTree = "<group>"; };
		8E6D6A9429EC38E000589697 /* ProductManager.swift */ = {isa = PBXFileReference; lastKnownFileType = sourcecode.swift; path = ProductManager.swift; sourceTree = "<group>"; };
		8E714CB129E6B08000B3BBF1 /* PhoneNumberView.swift */ = {isa = PBXFileReference; lastKnownFileType = sourcecode.swift; path = PhoneNumberView.swift; sourceTree = "<group>"; };
		8E714CB429E6B8B200B3BBF1 /* SmsView.xib */ = {isa = PBXFileReference; lastKnownFileType = file.xib; path = SmsView.xib; sourceTree = "<group>"; };
		8E714CB629E6B9AD00B3BBF1 /* SmsView.swift */ = {isa = PBXFileReference; lastKnownFileType = sourcecode.swift; path = SmsView.swift; sourceTree = "<group>"; };
		8E714CB829E6BBA700B3BBF1 /* CardView.xib */ = {isa = PBXFileReference; lastKnownFileType = file.xib; path = CardView.xib; sourceTree = "<group>"; };
		8E714CBA29E6BE2400B3BBF1 /* CodeView.swift */ = {isa = PBXFileReference; lastKnownFileType = sourcecode.swift; path = CodeView.swift; sourceTree = "<group>"; };
		8E714CC029E6C0CC00B3BBF1 /* TotalView.xib */ = {isa = PBXFileReference; lastKnownFileType = file.xib; path = TotalView.xib; sourceTree = "<group>"; };
		8E714CC229E6C2A400B3BBF1 /* TotalView.swift */ = {isa = PBXFileReference; lastKnownFileType = sourcecode.swift; path = TotalView.swift; sourceTree = "<group>"; };
		8E714CC429E6C72100B3BBF1 /* TermOfUseView.xib */ = {isa = PBXFileReference; lastKnownFileType = file.xib; path = TermOfUseView.xib; sourceTree = "<group>"; };
		8E714CC629E6C73900B3BBF1 /* TermOfUseView.swift */ = {isa = PBXFileReference; lastKnownFileType = sourcecode.swift; path = TermOfUseView.swift; sourceTree = "<group>"; };
		8E714CC829E6C9EA00B3BBF1 /* ResendCodeView.xib */ = {isa = PBXFileReference; lastKnownFileType = file.xib; path = ResendCodeView.xib; sourceTree = "<group>"; };
		8E714CCA29E6C9F100B3BBF1 /* ResendCodeView.swift */ = {isa = PBXFileReference; lastKnownFileType = sourcecode.swift; path = ResendCodeView.swift; sourceTree = "<group>"; };
		8E714CCC29E6CB4E00B3BBF1 /* ItemAddedToCardView.xib */ = {isa = PBXFileReference; lastKnownFileType = file.xib; path = ItemAddedToCardView.xib; sourceTree = "<group>"; };
		8E714CCE29E6CB5600B3BBF1 /* ItemAddedToCardView.swift */ = {isa = PBXFileReference; lastKnownFileType = sourcecode.swift; path = ItemAddedToCardView.swift; sourceTree = "<group>"; };
		8E714CD029E6D05300B3BBF1 /* StoreInfoView.xib */ = {isa = PBXFileReference; lastKnownFileType = file.xib; path = StoreInfoView.xib; sourceTree = "<group>"; };
		8E714CD229E6D05C00B3BBF1 /* StoreInfoView.swift */ = {isa = PBXFileReference; lastKnownFileType = sourcecode.swift; path = StoreInfoView.swift; sourceTree = "<group>"; };
		8E714CD429E6D41C00B3BBF1 /* ProductCollectionViewCell.swift */ = {isa = PBXFileReference; lastKnownFileType = sourcecode.swift; path = ProductCollectionViewCell.swift; sourceTree = "<group>"; };
		8E714CD529E6D41C00B3BBF1 /* ProductCollectionViewCell.xib */ = {isa = PBXFileReference; lastKnownFileType = file.xib; path = ProductCollectionViewCell.xib; sourceTree = "<group>"; };
		8E714CD829E6D81400B3BBF1 /* BasketProductTableViewCell.swift */ = {isa = PBXFileReference; lastKnownFileType = sourcecode.swift; path = BasketProductTableViewCell.swift; sourceTree = "<group>"; };
		8E714CD929E6D81400B3BBF1 /* BasketProductTableViewCell.xib */ = {isa = PBXFileReference; lastKnownFileType = file.xib; path = BasketProductTableViewCell.xib; sourceTree = "<group>"; };
		8E714CDC29E6DE3400B3BBF1 /* PreviosOrderTableViewCell.swift */ = {isa = PBXFileReference; lastKnownFileType = sourcecode.swift; path = PreviosOrderTableViewCell.swift; sourceTree = "<group>"; };
		8E714CDD29E6DE3400B3BBF1 /* PreviosOrderTableViewCell.xib */ = {isa = PBXFileReference; lastKnownFileType = file.xib; path = PreviosOrderTableViewCell.xib; sourceTree = "<group>"; };
		8E714CE029E6E03400B3BBF1 /* PreviousOrderDetailTableViewCell.swift */ = {isa = PBXFileReference; lastKnownFileType = sourcecode.swift; path = PreviousOrderDetailTableViewCell.swift; sourceTree = "<group>"; };
		8E714CE129E6E03400B3BBF1 /* PreviousOrderDetailTableViewCell.xib */ = {isa = PBXFileReference; lastKnownFileType = file.xib; path = PreviousOrderDetailTableViewCell.xib; sourceTree = "<group>"; };
		8E771AF729F9F8020087654E /* ProductViewController.swift */ = {isa = PBXFileReference; lastKnownFileType = sourcecode.swift; path = ProductViewController.swift; sourceTree = "<group>"; };
		8E771AF929F9FB3A0087654E /* GoogleService-Info.plist */ = {isa = PBXFileReference; lastKnownFileType = text.plist; path = "GoogleService-Info.plist"; sourceTree = SOURCE_ROOT; };
		8EC99B7229EABC2200EC255C /* UIView+Extension.swift */ = {isa = PBXFileReference; lastKnownFileType = sourcecode.swift; path = "UIView+Extension.swift"; sourceTree = "<group>"; };
		8EC9E8E729E09D28009CB6D3 /* FontainApp.app */ = {isa = PBXFileReference; explicitFileType = wrapper.application; includeInIndex = 0; path = FontainApp.app; sourceTree = BUILT_PRODUCTS_DIR; };
		8EC9E8EA29E09D28009CB6D3 /* AppDelegate.swift */ = {isa = PBXFileReference; lastKnownFileType = sourcecode.swift; path = AppDelegate.swift; sourceTree = "<group>"; };
		8EC9E8EC29E09D28009CB6D3 /* SceneDelegate.swift */ = {isa = PBXFileReference; lastKnownFileType = sourcecode.swift; path = SceneDelegate.swift; sourceTree = "<group>"; };
		8EC9E8F129E09D28009CB6D3 /* Base */ = {isa = PBXFileReference; lastKnownFileType = file.storyboard; name = Base; path = Base.lproj/Main.storyboard; sourceTree = "<group>"; };
		8EC9E8F329E09D2F009CB6D3 /* Assets.xcassets */ = {isa = PBXFileReference; lastKnownFileType = folder.assetcatalog; path = Assets.xcassets; sourceTree = "<group>"; };
		8EC9E8F629E09D2F009CB6D3 /* Base */ = {isa = PBXFileReference; lastKnownFileType = file.storyboard; name = Base; path = Base.lproj/LaunchScreen.storyboard; sourceTree = "<group>"; };
		8EC9E8F829E09D2F009CB6D3 /* Info.plist */ = {isa = PBXFileReference; lastKnownFileType = text.plist.xml; path = Info.plist; sourceTree = "<group>"; };
		8EC9E91029E0B1A1009CB6D3 /* UIButtons.swift */ = {isa = PBXFileReference; lastKnownFileType = sourcecode.swift; path = UIButtons.swift; sourceTree = "<group>"; };
		8EC9E91F29E0CDCE009CB6D3 /* Arimo-Regular.ttf */ = {isa = PBXFileReference; lastKnownFileType = file; path = "Arimo-Regular.ttf"; sourceTree = "<group>"; };
		8EC9E92029E0CDCF009CB6D3 /* Arimo-Bold.ttf */ = {isa = PBXFileReference; lastKnownFileType = file; path = "Arimo-Bold.ttf"; sourceTree = "<group>"; };
		8EC9E92129E0CDCF009CB6D3 /* Arimo-MediumItalic.ttf */ = {isa = PBXFileReference; lastKnownFileType = file; path = "Arimo-MediumItalic.ttf"; sourceTree = "<group>"; };
		8EC9E92229E0CDD0009CB6D3 /* Arimo-BoldItalic.ttf */ = {isa = PBXFileReference; lastKnownFileType = file; path = "Arimo-BoldItalic.ttf"; sourceTree = "<group>"; };
		8EC9E92329E0CDD0009CB6D3 /* Arimo-Medium.ttf */ = {isa = PBXFileReference; lastKnownFileType = file; path = "Arimo-Medium.ttf"; sourceTree = "<group>"; };
		8EC9E92429E0CDD1009CB6D3 /* Arimo-SemiBold.ttf */ = {isa = PBXFileReference; lastKnownFileType = file; path = "Arimo-SemiBold.ttf"; sourceTree = "<group>"; };
		8EC9E92529E0CDD1009CB6D3 /* Arimo-SemiBoldItalic.ttf */ = {isa = PBXFileReference; lastKnownFileType = file; path = "Arimo-SemiBoldItalic.ttf"; sourceTree = "<group>"; };
		8EC9E92629E0CDD2009CB6D3 /* Arimo-Italic.ttf */ = {isa = PBXFileReference; lastKnownFileType = file; path = "Arimo-Italic.ttf"; sourceTree = "<group>"; };
		8EC9E92729E0CDF3009CB6D3 /* ABeeZee-Italic.ttf */ = {isa = PBXFileReference; lastKnownFileType = file; path = "ABeeZee-Italic.ttf"; sourceTree = "<group>"; };
		8EC9E92829E0CDF4009CB6D3 /* ABeeZee-Regular.ttf */ = {isa = PBXFileReference; lastKnownFileType = file; path = "ABeeZee-Regular.ttf"; sourceTree = "<group>"; };
		8EC9E93F29E6A30A009CB6D3 /* PhoneNumberView.xib */ = {isa = PBXFileReference; lastKnownFileType = file.xib; path = PhoneNumberView.xib; sourceTree = "<group>"; };
		8ED31E6929F960D500D30DE4 /* CodeViewController.swift */ = {isa = PBXFileReference; lastKnownFileType = sourcecode.swift; path = CodeViewController.swift; sourceTree = "<group>"; };
		8ED31E6D29F9612B00D30DE4 /* CodeViewModel.swift */ = {isa = PBXFileReference; lastKnownFileType = sourcecode.swift; path = CodeViewModel.swift; sourceTree = "<group>"; };
/* End PBXFileReference section */

/* Begin PBXFrameworksBuildPhase section */
		8EC9E8E429E09D28009CB6D3 /* Frameworks */ = {
			isa = PBXFrameworksBuildPhase;
			buildActionMask = 2147483647;
			files = (
				20AC5BDA27CB432A01458C83 /* Pods_FontainApp.framework in Frameworks */,
			);
			runOnlyForDeploymentPostprocessing = 0;
		};
/* End PBXFrameworksBuildPhase section */

/* Begin PBXGroup section */
		07294C2FA4D983F89BAEBF52 /* Pods */ = {
			isa = PBXGroup;
			children = (
				161D613FEE59361229AA03DF /* Pods-FontainApp.debug.xcconfig */,
				3F717BE311EE770666B08C62 /* Pods-FontainApp.release.xcconfig */,
			);
			path = Pods;
			sourceTree = "<group>";
		};
		8E61542A29EAC437003CE78E /* Flows */ = {
			isa = PBXGroup;
			children = (
				8E771AF629F9F7BF0087654E /* Product */,
				8E61542B29EAC44C003CE78E /* Authorization */,
			);
			path = Flows;
			sourceTree = "<group>";
		};
		8E61542B29EAC44C003CE78E /* Authorization */ = {
			isa = PBXGroup;
			children = (
				8E61542C29EAC468003CE78E /* LogIn */,
			);
			path = Authorization;
			sourceTree = "<group>";
		};
		8E61542C29EAC468003CE78E /* LogIn */ = {
			isa = PBXGroup;
			children = (
				8E61542D29EAC48D003CE78E /* LogInViewController.swift */,
				8E61542F29EAC4A3003CE78E /* LogInViewModel.swift */,
				8ED31E6929F960D500D30DE4 /* CodeViewController.swift */,
				8ED31E6D29F9612B00D30DE4 /* CodeViewModel.swift */,
				8E6D6A8629EC31C500589697 /* WelcomeViewController.swift */,
				8E6D6A8929EC351C00589697 /* WelcomeViewModel.swift */,
			);
			path = LogIn;
			sourceTree = "<group>";
		};
		8E6D6A8B29EC385F00589697 /* Managers */ = {
			isa = PBXGroup;
			children = (
				8E6D6A8C29EC386E00589697 /* UserManager.swift */,
				8E6D6A9029EC38B000589697 /* FileManager.swift */,
				8E6D6A9429EC38E000589697 /* ProductManager.swift */,
				8E6D6A9229EC38D000589697 /* BasketManager.swift */,
				8E6D6A8E29EC388300589697 /* OrderManager.swift */,
			);
			path = Managers;
			sourceTree = "<group>";
		};
		8E714CB329E6B85700B3BBF1 /* Views */ = {
			isa = PBXGroup;
			children = (
				8EC9E93F29E6A30A009CB6D3 /* PhoneNumberView.xib */,
				8E714CB129E6B08000B3BBF1 /* PhoneNumberView.swift */,
				8E714CC429E6C72100B3BBF1 /* TermOfUseView.xib */,
				8E714CC629E6C73900B3BBF1 /* TermOfUseView.swift */,
				8E714CB429E6B8B200B3BBF1 /* SmsView.xib */,
				8E714CB629E6B9AD00B3BBF1 /* SmsView.swift */,
				8E714CB829E6BBA700B3BBF1 /* CardView.xib */,
				8E714CBA29E6BE2400B3BBF1 /* CodeView.swift */,
				8E714CC029E6C0CC00B3BBF1 /* TotalView.xib */,
				8E714CC229E6C2A400B3BBF1 /* TotalView.swift */,
				8E714CC829E6C9EA00B3BBF1 /* ResendCodeView.xib */,
				8E714CCA29E6C9F100B3BBF1 /* ResendCodeView.swift */,
				8E714CCC29E6CB4E00B3BBF1 /* ItemAddedToCardView.xib */,
				8E714CCE29E6CB5600B3BBF1 /* ItemAddedToCardView.swift */,
				8E714CD029E6D05300B3BBF1 /* StoreInfoView.xib */,
				8E714CD229E6D05C00B3BBF1 /* StoreInfoView.swift */,
				8E714CD529E6D41C00B3BBF1 /* ProductCollectionViewCell.xib */,
				8E714CD429E6D41C00B3BBF1 /* ProductCollectionViewCell.swift */,
				8E714CD929E6D81400B3BBF1 /* BasketProductTableViewCell.xib */,
				8E714CD829E6D81400B3BBF1 /* BasketProductTableViewCell.swift */,
				8E714CDD29E6DE3400B3BBF1 /* PreviosOrderTableViewCell.xib */,
				8E714CDC29E6DE3400B3BBF1 /* PreviosOrderTableViewCell.swift */,
				8E714CE129E6E03400B3BBF1 /* PreviousOrderDetailTableViewCell.xib */,
				8E714CE029E6E03400B3BBF1 /* PreviousOrderDetailTableViewCell.swift */,
			);
			path = Views;
			sourceTree = "<group>";
		};
		8E771AF629F9F7BF0087654E /* Product */ = {
			isa = PBXGroup;
			children = (
				8E771AF729F9F8020087654E /* ProductViewController.swift */,
			);
			path = Product;
			sourceTree = "<group>";
		};
		8EC99B7029EABBDA00EC255C /* UIElements */ = {
			isa = PBXGroup;
			children = (
				8E714CB329E6B85700B3BBF1 /* Views */,
				8EC9E90729E0B12E009CB6D3 /* UIButtons */,
			);
			path = UIElements;
			sourceTree = "<group>";
		};
		8EC99B7129EABC0200EC255C /* Extensions */ = {
			isa = PBXGroup;
			children = (
				8EC99B7229EABC2200EC255C /* UIView+Extension.swift */,
			);
			path = Extensions;
			sourceTree = "<group>";
		};
		8EC9E8DE29E09D28009CB6D3 = {
			isa = PBXGroup;
			children = (
				8EC9E8E929E09D28009CB6D3 /* FontainApp */,
				8EC9E8E829E09D28009CB6D3 /* Products */,
				07294C2FA4D983F89BAEBF52 /* Pods */,
				FD9DE5299DE71FF3DCAF288D /* Frameworks */,
			);
			sourceTree = "<group>";
		};
		8EC9E8E829E09D28009CB6D3 /* Products */ = {
			isa = PBXGroup;
			children = (
				8EC9E8E729E09D28009CB6D3 /* FontainApp.app */,
			);
			name = Products;
			sourceTree = "<group>";
		};
		8EC9E8E929E09D28009CB6D3 /* FontainApp */ = {
			isa = PBXGroup;
			children = (
				8E6D6A8B29EC385F00589697 /* Managers */,
				8E61542A29EAC437003CE78E /* Flows */,
				8EC99B7129EABC0200EC255C /* Extensions */,
				8EC99B7029EABBDA00EC255C /* UIElements */,
				8EC9E8EA29E09D28009CB6D3 /* AppDelegate.swift */,
				8EC9E8EC29E09D28009CB6D3 /* SceneDelegate.swift */,
				8EC9E8F029E09D28009CB6D3 /* Main.storyboard */,
				8EC9E8F329E09D2F009CB6D3 /* Assets.xcassets */,
				8EC9E8F529E09D2F009CB6D3 /* LaunchScreen.storyboard */,
				8EC9E8F829E09D2F009CB6D3 /* Info.plist */,
				8E771AF929F9FB3A0087654E /* GoogleService-Info.plist */,
				8EC9E91E29E0CDAB009CB6D3 /* Fonts */,
			);
			path = FontainApp;
			sourceTree = "<group>";
		};
		8EC9E90729E0B12E009CB6D3 /* UIButtons */ = {
			isa = PBXGroup;
			children = (
				8EC9E91029E0B1A1009CB6D3 /* UIButtons.swift */,
			);
			path = UIButtons;
			sourceTree = "<group>";
		};
		8EC9E91E29E0CDAB009CB6D3 /* Fonts */ = {
			isa = PBXGroup;
			children = (
				8EC9E92029E0CDCF009CB6D3 /* Arimo-Bold.ttf */,
				8EC9E92229E0CDD0009CB6D3 /* Arimo-BoldItalic.ttf */,
				8EC9E92629E0CDD2009CB6D3 /* Arimo-Italic.ttf */,
				8EC9E92329E0CDD0009CB6D3 /* Arimo-Medium.ttf */,
				8EC9E92129E0CDCF009CB6D3 /* Arimo-MediumItalic.ttf */,
				8EC9E91F29E0CDCE009CB6D3 /* Arimo-Regular.ttf */,
				8EC9E92429E0CDD1009CB6D3 /* Arimo-SemiBold.ttf */,
				8EC9E92529E0CDD1009CB6D3 /* Arimo-SemiBoldItalic.ttf */,
				8EC9E92729E0CDF3009CB6D3 /* ABeeZee-Italic.ttf */,
				8EC9E92829E0CDF4009CB6D3 /* ABeeZee-Regular.ttf */,
			);
			path = Fonts;
			sourceTree = "<group>";
		};
		FD9DE5299DE71FF3DCAF288D /* Frameworks */ = {
			isa = PBXGroup;
			children = (
				289F779B3044489A9A97E331 /* Pods_FontainApp.framework */,
			);
			name = Frameworks;
			sourceTree = "<group>";
		};
/* End PBXGroup section */

/* Begin PBXNativeTarget section */
		8EC9E8E629E09D28009CB6D3 /* FontainApp */ = {
			isa = PBXNativeTarget;
			buildConfigurationList = 8EC9E8FB29E09D2F009CB6D3 /* Build configuration list for PBXNativeTarget "FontainApp" */;
			buildPhases = (
				2908DFDF0CB5D6D45F1361A1 /* [CP] Check Pods Manifest.lock */,
				8EC9E8E329E09D28009CB6D3 /* Sources */,
				8EC9E8E429E09D28009CB6D3 /* Frameworks */,
				8EC9E8E529E09D28009CB6D3 /* Resources */,
				ABD0D63E829D3460D14C6225 /* [CP] Embed Pods Frameworks */,
			);
			buildRules = (
			);
			dependencies = (
			);
			name = FontainApp;
			productName = FontainApp;
			productReference = 8EC9E8E729E09D28009CB6D3 /* FontainApp.app */;
			productType = "com.apple.product-type.application";
		};
/* End PBXNativeTarget section */

/* Begin PBXProject section */
		8EC9E8DF29E09D28009CB6D3 /* Project object */ = {
			isa = PBXProject;
			attributes = {
				BuildIndependentTargetsInParallel = 1;
				LastSwiftUpdateCheck = 1430;
				LastUpgradeCheck = 1430;
				TargetAttributes = {
					8EC9E8E629E09D28009CB6D3 = {
						CreatedOnToolsVersion = 14.3;
					};
				};
			};
			buildConfigurationList = 8EC9E8E229E09D28009CB6D3 /* Build configuration list for PBXProject "FontainApp" */;
			compatibilityVersion = "Xcode 14.0";
			developmentRegion = en;
			hasScannedForEncodings = 0;
			knownRegions = (
				en,
				Base,
			);
			mainGroup = 8EC9E8DE29E09D28009CB6D3;
			productRefGroup = 8EC9E8E829E09D28009CB6D3 /* Products */;
			projectDirPath = "";
			projectRoot = "";
			targets = (
				8EC9E8E629E09D28009CB6D3 /* FontainApp */,
			);
		};
/* End PBXProject section */

/* Begin PBXResourcesBuildPhase section */
		8EC9E8E529E09D28009CB6D3 /* Resources */ = {
			isa = PBXResourcesBuildPhase;
			buildActionMask = 2147483647;
			files = (
				8EC9E8F729E09D2F009CB6D3 /* LaunchScreen.storyboard in Resources */,
				8E714CB529E6B8B200B3BBF1 /* SmsView.xib in Resources */,
				8E714CD729E6D41C00B3BBF1 /* ProductCollectionViewCell.xib in Resources */,
				8EC9E8F429E09D2F009CB6D3 /* Assets.xcassets in Resources */,
				8EC9E94029E6A30A009CB6D3 /* PhoneNumberView.xib in Resources */,
				8E714CC529E6C72100B3BBF1 /* TermOfUseView.xib in Resources */,
				8EC9E92A29E0CDF4009CB6D3 /* ABeeZee-Regular.ttf in Resources */,
				8E714CDF29E6DE3400B3BBF1 /* PreviosOrderTableViewCell.xib in Resources */,
				8E714CD129E6D05300B3BBF1 /* StoreInfoView.xib in Resources */,
				8E714CB929E6BBA700B3BBF1 /* CardView.xib in Resources */,
				8E714CE329E6E03400B3BBF1 /* PreviousOrderDetailTableViewCell.xib in Resources */,
				8E771AFA29F9FB3A0087654E /* GoogleService-Info.plist in Resources */,
				8E714CC129E6C0CC00B3BBF1 /* TotalView.xib in Resources */,
				8EC9E92929E0CDF4009CB6D3 /* ABeeZee-Italic.ttf in Resources */,
				8E714CC929E6C9EA00B3BBF1 /* ResendCodeView.xib in Resources */,
				8E714CDB29E6D81400B3BBF1 /* BasketProductTableViewCell.xib in Resources */,
				8EC9E8F229E09D28009CB6D3 /* Main.storyboard in Resources */,
				8E714CCD29E6CB4E00B3BBF1 /* ItemAddedToCardView.xib in Resources */,
			);
			runOnlyForDeploymentPostprocessing = 0;
		};
/* End PBXResourcesBuildPhase section */

/* Begin PBXShellScriptBuildPhase section */
		2908DFDF0CB5D6D45F1361A1 /* [CP] Check Pods Manifest.lock */ = {
			isa = PBXShellScriptBuildPhase;
			buildActionMask = 2147483647;
			files = (
			);
			inputFileListPaths = (
			);
			inputPaths = (
				"${PODS_PODFILE_DIR_PATH}/Podfile.lock",
				"${PODS_ROOT}/Manifest.lock",
			);
			name = "[CP] Check Pods Manifest.lock";
			outputFileListPaths = (
			);
			outputPaths = (
				"$(DERIVED_FILE_DIR)/Pods-FontainApp-checkManifestLockResult.txt",
			);
			runOnlyForDeploymentPostprocessing = 0;
			shellPath = /bin/sh;
			shellScript = "diff \"${PODS_PODFILE_DIR_PATH}/Podfile.lock\" \"${PODS_ROOT}/Manifest.lock\" > /dev/null\nif [ $? != 0 ] ; then\n    # print error to STDERR\n    echo \"error: The sandbox is not in sync with the Podfile.lock. Run 'pod install' or update your CocoaPods installation.\" >&2\n    exit 1\nfi\n# This output is used by Xcode 'outputs' to avoid re-running this script phase.\necho \"SUCCESS\" > \"${SCRIPT_OUTPUT_FILE_0}\"\n";
			showEnvVarsInLog = 0;
		};
		ABD0D63E829D3460D14C6225 /* [CP] Embed Pods Frameworks */ = {
			isa = PBXShellScriptBuildPhase;
			buildActionMask = 2147483647;
			files = (
			);
			inputFileListPaths = (
				"${PODS_ROOT}/Target Support Files/Pods-FontainApp/Pods-FontainApp-frameworks-${CONFIGURATION}-input-files.xcfilelist",
			);
			name = "[CP] Embed Pods Frameworks";
			outputFileListPaths = (
				"${PODS_ROOT}/Target Support Files/Pods-FontainApp/Pods-FontainApp-frameworks-${CONFIGURATION}-output-files.xcfilelist",
			);
			runOnlyForDeploymentPostprocessing = 0;
			shellPath = /bin/sh;
			shellScript = "\"${PODS_ROOT}/Target Support Files/Pods-FontainApp/Pods-FontainApp-frameworks.sh\"\n";
			showEnvVarsInLog = 0;
		};
/* End PBXShellScriptBuildPhase section */

/* Begin PBXSourcesBuildPhase section */
		8EC9E8E329E09D28009CB6D3 /* Sources */ = {
			isa = PBXSourcesBuildPhase;
			buildActionMask = 2147483647;
			files = (
				8E6D6A8F29EC388300589697 /* OrderManager.swift in Sources */,
				8E6D6A9529EC38E000589697 /* ProductManager.swift in Sources */,
				8ED31E6E29F9612B00D30DE4 /* CodeViewModel.swift in Sources */,
				8E714CB229E6B08000B3BBF1 /* PhoneNumberView.swift in Sources */,
				8E6D6A8A29EC351C00589697 /* WelcomeViewModel.swift in Sources */,
				8E714CDE29E6DE3400B3BBF1 /* PreviosOrderTableViewCell.swift in Sources */,
				8E61542E29EAC48D003CE78E /* LogInViewController.swift in Sources */,
				8E714CC729E6C73900B3BBF1 /* TermOfUseView.swift in Sources */,
				8E714CD629E6D41C00B3BBF1 /* ProductCollectionViewCell.swift in Sources */,
				8E714CC329E6C2A400B3BBF1 /* TotalView.swift in Sources */,
				8E771AF829F9F8020087654E /* ProductViewController.swift in Sources */,
				8E714CDA29E6D81400B3BBF1 /* BasketProductTableViewCell.swift in Sources */,
				8E6D6A9129EC38B000589697 /* FileManager.swift in Sources */,
				8EC99B7329EABC2300EC255C /* UIView+Extension.swift in Sources */,
				8E6D6A8D29EC386E00589697 /* UserManager.swift in Sources */,
				8E714CE229E6E03400B3BBF1 /* PreviousOrderDetailTableViewCell.swift in Sources */,
				8E714CBB29E6BE2400B3BBF1 /* CodeView.swift in Sources */,
				8E61543029EAC4A3003CE78E /* LogInViewModel.swift in Sources */,
				8E714CD329E6D05C00B3BBF1 /* StoreInfoView.swift in Sources */,
				8EC9E8EB29E09D28009CB6D3 /* AppDelegate.swift in Sources */,
				8E714CB729E6B9AD00B3BBF1 /* SmsView.swift in Sources */,
				8EC9E8ED29E09D28009CB6D3 /* SceneDelegate.swift in Sources */,
				8E6D6A9329EC38D000589697 /* BasketManager.swift in Sources */,
				8E714CCF29E6CB5600B3BBF1 /* ItemAddedToCardView.swift in Sources */,
				8EC9E91129E0B1A1009CB6D3 /* UIButtons.swift in Sources */,
				8E714CCB29E6C9F100B3BBF1 /* ResendCodeView.swift in Sources */,
				8ED31E6A29F960D500D30DE4 /* CodeViewController.swift in Sources */,
				8E6D6A8729EC31C500589697 /* WelcomeViewController.swift in Sources */,
			);
			runOnlyForDeploymentPostprocessing = 0;
		};
/* End PBXSourcesBuildPhase section */

/* Begin PBXVariantGroup section */
		8EC9E8F029E09D28009CB6D3 /* Main.storyboard */ = {
			isa = PBXVariantGroup;
			children = (
				8EC9E8F129E09D28009CB6D3 /* Base */,
			);
			name = Main.storyboard;
			sourceTree = "<group>";
		};
		8EC9E8F529E09D2F009CB6D3 /* LaunchScreen.storyboard */ = {
			isa = PBXVariantGroup;
			children = (
				8EC9E8F629E09D2F009CB6D3 /* Base */,
			);
			name = LaunchScreen.storyboard;
			sourceTree = "<group>";
		};
/* End PBXVariantGroup section */

/* Begin XCBuildConfiguration section */
		8EC9E8F929E09D2F009CB6D3 /* Debug */ = {
			isa = XCBuildConfiguration;
			buildSettings = {
				ALWAYS_SEARCH_USER_PATHS = NO;
				CLANG_ANALYZER_NONNULL = YES;
				CLANG_ANALYZER_NUMBER_OBJECT_CONVERSION = YES_AGGRESSIVE;
				CLANG_CXX_LANGUAGE_STANDARD = "gnu++20";
				CLANG_ENABLE_MODULES = YES;
				CLANG_ENABLE_OBJC_ARC = YES;
				CLANG_ENABLE_OBJC_WEAK = YES;
				CLANG_WARN_BLOCK_CAPTURE_AUTORELEASING = YES;
				CLANG_WARN_BOOL_CONVERSION = YES;
				CLANG_WARN_COMMA = YES;
				CLANG_WARN_CONSTANT_CONVERSION = YES;
				CLANG_WARN_DEPRECATED_OBJC_IMPLEMENTATIONS = YES;
				CLANG_WARN_DIRECT_OBJC_ISA_USAGE = YES_ERROR;
				CLANG_WARN_DOCUMENTATION_COMMENTS = YES;
				CLANG_WARN_EMPTY_BODY = YES;
				CLANG_WARN_ENUM_CONVERSION = YES;
				CLANG_WARN_INFINITE_RECURSION = YES;
				CLANG_WARN_INT_CONVERSION = YES;
				CLANG_WARN_NON_LITERAL_NULL_CONVERSION = YES;
				CLANG_WARN_OBJC_IMPLICIT_RETAIN_SELF = YES;
				CLANG_WARN_OBJC_LITERAL_CONVERSION = YES;
				CLANG_WARN_OBJC_ROOT_CLASS = YES_ERROR;
				CLANG_WARN_QUOTED_INCLUDE_IN_FRAMEWORK_HEADER = YES;
				CLANG_WARN_RANGE_LOOP_ANALYSIS = YES;
				CLANG_WARN_STRICT_PROTOTYPES = YES;
				CLANG_WARN_SUSPICIOUS_MOVE = YES;
				CLANG_WARN_UNGUARDED_AVAILABILITY = YES_AGGRESSIVE;
				CLANG_WARN_UNREACHABLE_CODE = YES;
				CLANG_WARN__DUPLICATE_METHOD_MATCH = YES;
				COPY_PHASE_STRIP = NO;
				DEBUG_INFORMATION_FORMAT = dwarf;
				ENABLE_STRICT_OBJC_MSGSEND = YES;
				ENABLE_TESTABILITY = YES;
				GCC_C_LANGUAGE_STANDARD = gnu11;
				GCC_DYNAMIC_NO_PIC = NO;
				GCC_NO_COMMON_BLOCKS = YES;
				GCC_OPTIMIZATION_LEVEL = 0;
				GCC_PREPROCESSOR_DEFINITIONS = (
					"DEBUG=1",
					"$(inherited)",
				);
				GCC_WARN_64_TO_32_BIT_CONVERSION = YES;
				GCC_WARN_ABOUT_RETURN_TYPE = YES_ERROR;
				GCC_WARN_UNDECLARED_SELECTOR = YES;
				GCC_WARN_UNINITIALIZED_AUTOS = YES_AGGRESSIVE;
				GCC_WARN_UNUSED_FUNCTION = YES;
				GCC_WARN_UNUSED_VARIABLE = YES;
				IPHONEOS_DEPLOYMENT_TARGET = 16.4;
				MTL_ENABLE_DEBUG_INFO = INCLUDE_SOURCE;
				MTL_FAST_MATH = YES;
				ONLY_ACTIVE_ARCH = YES;
				SDKROOT = iphoneos;
				SWIFT_ACTIVE_COMPILATION_CONDITIONS = DEBUG;
				SWIFT_OPTIMIZATION_LEVEL = "-Onone";
			};
			name = Debug;
		};
		8EC9E8FA29E09D2F009CB6D3 /* Release */ = {
			isa = XCBuildConfiguration;
			buildSettings = {
				ALWAYS_SEARCH_USER_PATHS = NO;
				CLANG_ANALYZER_NONNULL = YES;
				CLANG_ANALYZER_NUMBER_OBJECT_CONVERSION = YES_AGGRESSIVE;
				CLANG_CXX_LANGUAGE_STANDARD = "gnu++20";
				CLANG_ENABLE_MODULES = YES;
				CLANG_ENABLE_OBJC_ARC = YES;
				CLANG_ENABLE_OBJC_WEAK = YES;
				CLANG_WARN_BLOCK_CAPTURE_AUTORELEASING = YES;
				CLANG_WARN_BOOL_CONVERSION = YES;
				CLANG_WARN_COMMA = YES;
				CLANG_WARN_CONSTANT_CONVERSION = YES;
				CLANG_WARN_DEPRECATED_OBJC_IMPLEMENTATIONS = YES;
				CLANG_WARN_DIRECT_OBJC_ISA_USAGE = YES_ERROR;
				CLANG_WARN_DOCUMENTATION_COMMENTS = YES;
				CLANG_WARN_EMPTY_BODY = YES;
				CLANG_WARN_ENUM_CONVERSION = YES;
				CLANG_WARN_INFINITE_RECURSION = YES;
				CLANG_WARN_INT_CONVERSION = YES;
				CLANG_WARN_NON_LITERAL_NULL_CONVERSION = YES;
				CLANG_WARN_OBJC_IMPLICIT_RETAIN_SELF = YES;
				CLANG_WARN_OBJC_LITERAL_CONVERSION = YES;
				CLANG_WARN_OBJC_ROOT_CLASS = YES_ERROR;
				CLANG_WARN_QUOTED_INCLUDE_IN_FRAMEWORK_HEADER = YES;
				CLANG_WARN_RANGE_LOOP_ANALYSIS = YES;
				CLANG_WARN_STRICT_PROTOTYPES = YES;
				CLANG_WARN_SUSPICIOUS_MOVE = YES;
				CLANG_WARN_UNGUARDED_AVAILABILITY = YES_AGGRESSIVE;
				CLANG_WARN_UNREACHABLE_CODE = YES;
				CLANG_WARN__DUPLICATE_METHOD_MATCH = YES;
				COPY_PHASE_STRIP = NO;
				DEBUG_INFORMATION_FORMAT = "dwarf-with-dsym";
				ENABLE_NS_ASSERTIONS = NO;
				ENABLE_STRICT_OBJC_MSGSEND = YES;
				GCC_C_LANGUAGE_STANDARD = gnu11;
				GCC_NO_COMMON_BLOCKS = YES;
				GCC_WARN_64_TO_32_BIT_CONVERSION = YES;
				GCC_WARN_ABOUT_RETURN_TYPE = YES_ERROR;
				GCC_WARN_UNDECLARED_SELECTOR = YES;
				GCC_WARN_UNINITIALIZED_AUTOS = YES_AGGRESSIVE;
				GCC_WARN_UNUSED_FUNCTION = YES;
				GCC_WARN_UNUSED_VARIABLE = YES;
				IPHONEOS_DEPLOYMENT_TARGET = 16.4;
				MTL_ENABLE_DEBUG_INFO = NO;
				MTL_FAST_MATH = YES;
				SDKROOT = iphoneos;
				SWIFT_COMPILATION_MODE = wholemodule;
				SWIFT_OPTIMIZATION_LEVEL = "-O";
				VALIDATE_PRODUCT = YES;
			};
			name = Release;
		};
		8EC9E8FC29E09D2F009CB6D3 /* Debug */ = {
			isa = XCBuildConfiguration;
			baseConfigurationReference = 161D613FEE59361229AA03DF /* Pods-FontainApp.debug.xcconfig */;
			buildSettings = {
				ASSETCATALOG_COMPILER_APPICON_NAME = AppIcon;
				ASSETCATALOG_COMPILER_GLOBAL_ACCENT_COLOR_NAME = AccentColor;
				CODE_SIGN_STYLE = Automatic;
				CURRENT_PROJECT_VERSION = 1;
				DEVELOPMENT_TEAM = N2LF8DTSP7;
				GENERATE_INFOPLIST_FILE = YES;
				INFOPLIST_FILE = FontainApp/Info.plist;
				INFOPLIST_KEY_UIApplicationSupportsIndirectInputEvents = YES;
				INFOPLIST_KEY_UILaunchStoryboardName = LaunchScreen;
				INFOPLIST_KEY_UIMainStoryboardFile = Main;
				INFOPLIST_KEY_UISupportedInterfaceOrientations_iPad = "UIInterfaceOrientationPortrait UIInterfaceOrientationPortraitUpsideDown UIInterfaceOrientationLandscapeLeft UIInterfaceOrientationLandscapeRight";
				INFOPLIST_KEY_UISupportedInterfaceOrientations_iPhone = "UIInterfaceOrientationPortrait UIInterfaceOrientationLandscapeLeft UIInterfaceOrientationLandscapeRight";
				LD_RUNPATH_SEARCH_PATHS = (
					"$(inherited)",
					"@executable_path/Frameworks",
				);
				MARKETING_VERSION = 1.0;
				PRODUCT_BUNDLE_IDENTIFIER = kinzerskiy.FontainApp;
				PRODUCT_NAME = "$(TARGET_NAME)";
				SWIFT_EMIT_LOC_STRINGS = YES;
				SWIFT_VERSION = 5.0;
				TARGETED_DEVICE_FAMILY = "1,2";
			};
			name = Debug;
		};
		8EC9E8FD29E09D2F009CB6D3 /* Release */ = {
			isa = XCBuildConfiguration;
			baseConfigurationReference = 3F717BE311EE770666B08C62 /* Pods-FontainApp.release.xcconfig */;
			buildSettings = {
				ASSETCATALOG_COMPILER_APPICON_NAME = AppIcon;
				ASSETCATALOG_COMPILER_GLOBAL_ACCENT_COLOR_NAME = AccentColor;
				CODE_SIGN_STYLE = Automatic;
				CURRENT_PROJECT_VERSION = 1;
				DEVELOPMENT_TEAM = N2LF8DTSP7;
				GENERATE_INFOPLIST_FILE = YES;
				INFOPLIST_FILE = FontainApp/Info.plist;
				INFOPLIST_KEY_UIApplicationSupportsIndirectInputEvents = YES;
				INFOPLIST_KEY_UILaunchStoryboardName = LaunchScreen;
				INFOPLIST_KEY_UIMainStoryboardFile = Main;
				INFOPLIST_KEY_UISupportedInterfaceOrientations_iPad = "UIInterfaceOrientationPortrait UIInterfaceOrientationPortraitUpsideDown UIInterfaceOrientationLandscapeLeft UIInterfaceOrientationLandscapeRight";
				INFOPLIST_KEY_UISupportedInterfaceOrientations_iPhone = "UIInterfaceOrientationPortrait UIInterfaceOrientationLandscapeLeft UIInterfaceOrientationLandscapeRight";
				LD_RUNPATH_SEARCH_PATHS = (
					"$(inherited)",
					"@executable_path/Frameworks",
				);
				MARKETING_VERSION = 1.0;
				PRODUCT_BUNDLE_IDENTIFIER = kinzerskiy.FontainApp;
				PRODUCT_NAME = "$(TARGET_NAME)";
				SWIFT_EMIT_LOC_STRINGS = YES;
				SWIFT_VERSION = 5.0;
				TARGETED_DEVICE_FAMILY = "1,2";
			};
			name = Release;
		};
/* End XCBuildConfiguration section */

/* Begin XCConfigurationList section */
		8EC9E8E229E09D28009CB6D3 /* Build configuration list for PBXProject "FontainApp" */ = {
			isa = XCConfigurationList;
			buildConfigurations = (
				8EC9E8F929E09D2F009CB6D3 /* Debug */,
				8EC9E8FA29E09D2F009CB6D3 /* Release */,
			);
			defaultConfigurationIsVisible = 0;
			defaultConfigurationName = Release;
		};
		8EC9E8FB29E09D2F009CB6D3 /* Build configuration list for PBXNativeTarget "FontainApp" */ = {
			isa = XCConfigurationList;
			buildConfigurations = (
				8EC9E8FC29E09D2F009CB6D3 /* Debug */,
				8EC9E8FD29E09D2F009CB6D3 /* Release */,
			);
			defaultConfigurationIsVisible = 0;
			defaultConfigurationName = Release;
		};
/* End XCConfigurationList section */
	};
	rootObject = 8EC9E8DF29E09D28009CB6D3 /* Project object */;
}
